
Microsoft Visual Studio Solution File, Format Version 12.00
# Visual Studio Version 17
VisualStudioVersion = 17.0.31903.59
MinimumVisualStudioVersion = 10.0.40219.1
Project("{2150E333-8FDC-42A3-9474-1A3956D46DE8}") = "src", "src", "{DE3EB906-96F0-4754-862C-90E534A19E7B}"
EndProject
Project("{2150E333-8FDC-42A3-9474-1A3956D46DE8}") = "FirefoamThrower", "FirefoamThrower", "{394FB092-C1F7-4C04-83D8-6C51F53D55CA}"
EndProject
Project("{2150E333-8FDC-42A3-9474-1A3956D46DE8}") = "src", "src", "{A0094192-93EF-40FD-A805-3AE315AF0260}"
EndProject
Project("{FAE04EC0-301F-11D3-BF4B-00C04F79EFBC}") = "FirefoamThrower", "src\FirefoamThrower\src\FirefoamThrower\FirefoamThrower.csproj", "{6C8C1E15-3545-45EC-A2F7-361DCDBDC609}"
EndProject
Project("{2150E333-8FDC-42A3-9474-1A3956D46DE8}") = "BulkLoad", "BulkLoad", "{50CC99B6-EE66-4E6C-B804-97BA7D84178A}"
EndProject
Project("{2150E333-8FDC-42A3-9474-1A3956D46DE8}") = "src", "src", "{ABB86007-9E91-4862-8FE8-27312F17AAEF}"
EndProject
Project("{FAE04EC0-301F-11D3-BF4B-00C04F79EFBC}") = "BulkLoad", "src\BulkLoad\src\BulkLoad\BulkLoad.csproj", "{57D8B4E4-DAD4-4036-B0EB-156CAE3283BC}"
EndProject
Project("{2150E333-8FDC-42A3-9474-1A3956D46DE8}") = "no-loot", "no-loot", "{A9C614CC-3E26-425A-B898-D41A80320703}"
EndProject
Project("{2150E333-8FDC-42A3-9474-1A3956D46DE8}") = "src", "src", "{D99E406E-E358-4D17-B778-7883F63CB464}"
EndProject
Project("{FAE04EC0-301F-11D3-BF4B-00C04F79EFBC}") = "NoLoot", "src\no-loot\src\NoLoot\NoLoot.csproj", "{F3CF9FD0-8FA4-41A9-A58C-ACDCE6F50887}"
EndProject
Project("{2150E333-8FDC-42A3-9474-1A3956D46DE8}") = "MirrorBuild", "MirrorBuild", "{183C614A-A7B9-462C-9A33-F6939A8E5E82}"
EndProject
Project("{2150E333-8FDC-42A3-9474-1A3956D46DE8}") = "src", "src", "{ED948E3B-7B9A-4213-ADD0-51F9AB9A015F}"
EndProject
Project("{FAE04EC0-301F-11D3-BF4B-00C04F79EFBC}") = "MirrorBuild", "src\MirrorBuild\src\MirrorBuild\MirrorBuild.csproj", "{9D5F259B-2947-4547-B492-6DC48434AA2E}"
EndProject
Project("{2150E333-8FDC-42A3-9474-1A3956D46DE8}") = "StrongWind", "StrongWind", "{1771E3EE-DA56-4494-A05F-B2AC73FFA52E}"
EndProject
Project("{2150E333-8FDC-42A3-9474-1A3956D46DE8}") = "src", "src", "{1FA48527-C487-45FC-8F60-ADA1C4740CC6}"
EndProject
Project("{FAE04EC0-301F-11D3-BF4B-00C04F79EFBC}") = "StrongWind", "src\StrongWind\src\StrongWind\StrongWind.csproj", "{EC98AE18-1CC0-4C6D-9817-23A889B3D80D}"
EndProject
Project("{2150E333-8FDC-42A3-9474-1A3956D46DE8}") = "ReconstructiveSurgery", "ReconstructiveSurgery", "{D46CB887-5EC0-4402-BD4F-4943E60041AF}"
EndProject
Project("{2150E333-8FDC-42A3-9474-1A3956D46DE8}") = "src", "src", "{8462A0AE-D0A8-487A-86C6-78142E4A2961}"
EndProject
Project("{FAE04EC0-301F-11D3-BF4B-00C04F79EFBC}") = "ReconstructiveSurgery", "src\ReconstructiveSurgery\src\ReconstructiveSurgery\ReconstructiveSurgery.csproj", "{7AAE35F9-6F74-49BD-94AD-54A65821A59B}"
EndProject
Project("{2150E333-8FDC-42A3-9474-1A3956D46DE8}") = "AutoFireTracking", "AutoFireTracking", "{058FA1D8-1D7C-4B58-9EA7-33EDE09F295F}"
EndProject
Project("{2150E333-8FDC-42A3-9474-1A3956D46DE8}") = "src", "src", "{2F07F86D-3B87-4EED-B784-B656C9E8C10F}"
EndProject
Project("{FAE04EC0-301F-11D3-BF4B-00C04F79EFBC}") = "AutoFireTracking", "src\AutoFireTracking\src\AutoFireTracking\AutoFireTracking.csproj", "{E40C9F66-5B1E-4168-95C8-7ACD3DDD2481}"
EndProject
Project("{2150E333-8FDC-42A3-9474-1A3956D46DE8}") = "PartialMealConsumption", "PartialMealConsumption", "{EA129159-7F83-487D-AEC5-94955D3944FF}"
EndProject
Project("{2150E333-8FDC-42A3-9474-1A3956D46DE8}") = "src", "src", "{5FE3CB08-FC5D-4543-A8BA-480B66075BC9}"
EndProject
Project("{FAE04EC0-301F-11D3-BF4B-00C04F79EFBC}") = "PartialMealConsumption", "src\PartialMealConsumption\src\PartialMealConsumption\PartialMealConsumption.csproj", "{31ADDAD7-3719-4F9C-99AD-9110DFD1D87E}"
EndProject
Project("{2150E333-8FDC-42A3-9474-1A3956D46DE8}") = "AvoidMechanoidSensors", "AvoidMechanoidSensors", "{ECD469FF-E3C0-4A21-BA3E-CA77DFAE848F}"
EndProject
Project("{2150E333-8FDC-42A3-9474-1A3956D46DE8}") = "src", "src", "{D0544EFD-8995-4A78-B788-1EA4841DDA80}"
EndProject
Project("{FAE04EC0-301F-11D3-BF4B-00C04F79EFBC}") = "AvoidMechanoidSensors", "src\AvoidMechanoidSensors\src\AvoidMechanoidSensors\AvoidMechanoidSensors.csproj", "{C9B82484-5F12-46F5-BE54-A9093508A0ED}"
EndProject
Project("{2150E333-8FDC-42A3-9474-1A3956D46DE8}") = "WealthTweaks", "WealthTweaks", "{F8E2F085-07E2-4DAA-BC9C-220BB386C556}"
EndProject
Project("{2150E333-8FDC-42A3-9474-1A3956D46DE8}") = "src", "src", "{6418DFC7-86E9-4019-A026-E683A561C9B5}"
EndProject
Project("{FAE04EC0-301F-11D3-BF4B-00C04F79EFBC}") = "WealthTweaks", "src\WealthTweaks\src\WealthTweaks\WealthTweaks.csproj", "{AFCDA7BB-5933-4C46-B16A-F44857B924DE}"
EndProject
Project("{2150E333-8FDC-42A3-9474-1A3956D46DE8}") = "RimModUtilities", "RimModUtilities", "{95850F97-92A8-4BE4-858D-295037FDA007}"
EndProject
Project("{2150E333-8FDC-42A3-9474-1A3956D46DE8}") = "src", "src", "{9B0E7729-0802-4D3B-B381-29D842EEF167}"
EndProject
Project("{FAE04EC0-301F-11D3-BF4B-00C04F79EFBC}") = "RimModUtilities", "src\RimModUtilities\src\RimModUtilities\RimModUtilities.csproj", "{183BEBE4-3E87-4FE8-8FCB-07A1FABEEA57}"
EndProject
Project("{2150E333-8FDC-42A3-9474-1A3956D46DE8}") = "RaidFlow", "RaidFlow", "{DEAA2A6C-7151-42B8-82ED-E4E86123C820}"
EndProject
Project("{2150E333-8FDC-42A3-9474-1A3956D46DE8}") = "src", "src", "{C29E5E97-5645-4476-A1A4-FB5C9A0F3045}"
EndProject
Project("{FAE04EC0-301F-11D3-BF4B-00C04F79EFBC}") = "RaidFlow", "src\RaidFlow\src\RaidFlow\RaidFlow.csproj", "{38D73352-B562-48C7-9BD9-F15CF247A902}"
EndProject
Global
	GlobalSection(SolutionConfigurationPlatforms) = preSolution
		Debug|Any CPU = Debug|Any CPU
		Release|Any CPU = Release|Any CPU
	EndGlobalSection
	GlobalSection(SolutionProperties) = preSolution
		HideSolutionNode = FALSE
	EndGlobalSection
	GlobalSection(ProjectConfigurationPlatforms) = postSolution
		{6C8C1E15-3545-45EC-A2F7-361DCDBDC609}.Debug|Any CPU.ActiveCfg = Debug|Any CPU
		{6C8C1E15-3545-45EC-A2F7-361DCDBDC609}.Debug|Any CPU.Build.0 = Debug|Any CPU
		{6C8C1E15-3545-45EC-A2F7-361DCDBDC609}.Release|Any CPU.ActiveCfg = Release|Any CPU
		{6C8C1E15-3545-45EC-A2F7-361DCDBDC609}.Release|Any CPU.Build.0 = Release|Any CPU
		{57D8B4E4-DAD4-4036-B0EB-156CAE3283BC}.Debug|Any CPU.ActiveCfg = Debug|Any CPU
		{57D8B4E4-DAD4-4036-B0EB-156CAE3283BC}.Debug|Any CPU.Build.0 = Debug|Any CPU
		{57D8B4E4-DAD4-4036-B0EB-156CAE3283BC}.Release|Any CPU.ActiveCfg = Release|Any CPU
		{57D8B4E4-DAD4-4036-B0EB-156CAE3283BC}.Release|Any CPU.Build.0 = Release|Any CPU
		{F3CF9FD0-8FA4-41A9-A58C-ACDCE6F50887}.Debug|Any CPU.ActiveCfg = Debug|Any CPU
		{F3CF9FD0-8FA4-41A9-A58C-ACDCE6F50887}.Debug|Any CPU.Build.0 = Debug|Any CPU
		{F3CF9FD0-8FA4-41A9-A58C-ACDCE6F50887}.Release|Any CPU.ActiveCfg = Release|Any CPU
		{F3CF9FD0-8FA4-41A9-A58C-ACDCE6F50887}.Release|Any CPU.Build.0 = Release|Any CPU
		{9D5F259B-2947-4547-B492-6DC48434AA2E}.Debug|Any CPU.ActiveCfg = Debug|Any CPU
		{9D5F259B-2947-4547-B492-6DC48434AA2E}.Debug|Any CPU.Build.0 = Debug|Any CPU
		{9D5F259B-2947-4547-B492-6DC48434AA2E}.Release|Any CPU.ActiveCfg = Release|Any CPU
		{9D5F259B-2947-4547-B492-6DC48434AA2E}.Release|Any CPU.Build.0 = Release|Any CPU
		{EC98AE18-1CC0-4C6D-9817-23A889B3D80D}.Debug|Any CPU.ActiveCfg = Debug|Any CPU
		{EC98AE18-1CC0-4C6D-9817-23A889B3D80D}.Debug|Any CPU.Build.0 = Debug|Any CPU
		{EC98AE18-1CC0-4C6D-9817-23A889B3D80D}.Release|Any CPU.ActiveCfg = Release|Any CPU
		{EC98AE18-1CC0-4C6D-9817-23A889B3D80D}.Release|Any CPU.Build.0 = Release|Any CPU
		{7AAE35F9-6F74-49BD-94AD-54A65821A59B}.Debug|Any CPU.ActiveCfg = Debug|Any CPU
		{7AAE35F9-6F74-49BD-94AD-54A65821A59B}.Debug|Any CPU.Build.0 = Debug|Any CPU
		{7AAE35F9-6F74-49BD-94AD-54A65821A59B}.Release|Any CPU.ActiveCfg = Release|Any CPU
		{7AAE35F9-6F74-49BD-94AD-54A65821A59B}.Release|Any CPU.Build.0 = Release|Any CPU
		{E40C9F66-5B1E-4168-95C8-7ACD3DDD2481}.Debug|Any CPU.ActiveCfg = Debug|Any CPU
		{E40C9F66-5B1E-4168-95C8-7ACD3DDD2481}.Debug|Any CPU.Build.0 = Debug|Any CPU
		{E40C9F66-5B1E-4168-95C8-7ACD3DDD2481}.Release|Any CPU.ActiveCfg = Release|Any CPU
		{E40C9F66-5B1E-4168-95C8-7ACD3DDD2481}.Release|Any CPU.Build.0 = Release|Any CPU
		{31ADDAD7-3719-4F9C-99AD-9110DFD1D87E}.Debug|Any CPU.ActiveCfg = Debug|Any CPU
		{31ADDAD7-3719-4F9C-99AD-9110DFD1D87E}.Debug|Any CPU.Build.0 = Debug|Any CPU
		{31ADDAD7-3719-4F9C-99AD-9110DFD1D87E}.Release|Any CPU.ActiveCfg = Release|Any CPU
		{31ADDAD7-3719-4F9C-99AD-9110DFD1D87E}.Release|Any CPU.Build.0 = Release|Any CPU
		{C9B82484-5F12-46F5-BE54-A9093508A0ED}.Debug|Any CPU.ActiveCfg = Debug|Any CPU
		{C9B82484-5F12-46F5-BE54-A9093508A0ED}.Debug|Any CPU.Build.0 = Debug|Any CPU
		{C9B82484-5F12-46F5-BE54-A9093508A0ED}.Release|Any CPU.ActiveCfg = Release|Any CPU
		{C9B82484-5F12-46F5-BE54-A9093508A0ED}.Release|Any CPU.Build.0 = Release|Any CPU
		{AFCDA7BB-5933-4C46-B16A-F44857B924DE}.Debug|Any CPU.ActiveCfg = Debug|Any CPU
		{AFCDA7BB-5933-4C46-B16A-F44857B924DE}.Debug|Any CPU.Build.0 = Debug|Any CPU
		{AFCDA7BB-5933-4C46-B16A-F44857B924DE}.Release|Any CPU.ActiveCfg = Release|Any CPU
		{AFCDA7BB-5933-4C46-B16A-F44857B924DE}.Release|Any CPU.Build.0 = Release|Any CPU
		{183BEBE4-3E87-4FE8-8FCB-07A1FABEEA57}.Debug|Any CPU.ActiveCfg = Debug|Any CPU
		{183BEBE4-3E87-4FE8-8FCB-07A1FABEEA57}.Debug|Any CPU.Build.0 = Debug|Any CPU
		{183BEBE4-3E87-4FE8-8FCB-07A1FABEEA57}.Release|Any CPU.ActiveCfg = Release|Any CPU
		{183BEBE4-3E87-4FE8-8FCB-07A1FABEEA57}.Release|Any CPU.Build.0 = Release|Any CPU
		{38D73352-B562-48C7-9BD9-F15CF247A902}.Debug|Any CPU.ActiveCfg = Debug|Any CPU
		{38D73352-B562-48C7-9BD9-F15CF247A902}.Debug|Any CPU.Build.0 = Debug|Any CPU
		{38D73352-B562-48C7-9BD9-F15CF247A902}.Release|Any CPU.ActiveCfg = Release|Any CPU
		{38D73352-B562-48C7-9BD9-F15CF247A902}.Release|Any CPU.Build.0 = Release|Any CPU
	EndGlobalSection
	GlobalSection(NestedProjects) = preSolution
		{394FB092-C1F7-4C04-83D8-6C51F53D55CA} = {DE3EB906-96F0-4754-862C-90E534A19E7B}
		{A0094192-93EF-40FD-A805-3AE315AF0260} = {394FB092-C1F7-4C04-83D8-6C51F53D55CA}
		{6C8C1E15-3545-45EC-A2F7-361DCDBDC609} = {A0094192-93EF-40FD-A805-3AE315AF0260}
		{50CC99B6-EE66-4E6C-B804-97BA7D84178A} = {DE3EB906-96F0-4754-862C-90E534A19E7B}
		{ABB86007-9E91-4862-8FE8-27312F17AAEF} = {50CC99B6-EE66-4E6C-B804-97BA7D84178A}
		{57D8B4E4-DAD4-4036-B0EB-156CAE3283BC} = {ABB86007-9E91-4862-8FE8-27312F17AAEF}
		{A9C614CC-3E26-425A-B898-D41A80320703} = {DE3EB906-96F0-4754-862C-90E534A19E7B}
		{D99E406E-E358-4D17-B778-7883F63CB464} = {A9C614CC-3E26-425A-B898-D41A80320703}
		{F3CF9FD0-8FA4-41A9-A58C-ACDCE6F50887} = {D99E406E-E358-4D17-B778-7883F63CB464}
		{183C614A-A7B9-462C-9A33-F6939A8E5E82} = {DE3EB906-96F0-4754-862C-90E534A19E7B}
		{ED948E3B-7B9A-4213-ADD0-51F9AB9A015F} = {183C614A-A7B9-462C-9A33-F6939A8E5E82}
		{9D5F259B-2947-4547-B492-6DC48434AA2E} = {ED948E3B-7B9A-4213-ADD0-51F9AB9A015F}
		{1771E3EE-DA56-4494-A05F-B2AC73FFA52E} = {DE3EB906-96F0-4754-862C-90E534A19E7B}
		{1FA48527-C487-45FC-8F60-ADA1C4740CC6} = {1771E3EE-DA56-4494-A05F-B2AC73FFA52E}
		{EC98AE18-1CC0-4C6D-9817-23A889B3D80D} = {1FA48527-C487-45FC-8F60-ADA1C4740CC6}
		{D46CB887-5EC0-4402-BD4F-4943E60041AF} = {DE3EB906-96F0-4754-862C-90E534A19E7B}
		{8462A0AE-D0A8-487A-86C6-78142E4A2961} = {D46CB887-5EC0-4402-BD4F-4943E60041AF}
		{7AAE35F9-6F74-49BD-94AD-54A65821A59B} = {8462A0AE-D0A8-487A-86C6-78142E4A2961}
		{058FA1D8-1D7C-4B58-9EA7-33EDE09F295F} = {DE3EB906-96F0-4754-862C-90E534A19E7B}
		{2F07F86D-3B87-4EED-B784-B656C9E8C10F} = {058FA1D8-1D7C-4B58-9EA7-33EDE09F295F}
		{E40C9F66-5B1E-4168-95C8-7ACD3DDD2481} = {2F07F86D-3B87-4EED-B784-B656C9E8C10F}
		{EA129159-7F83-487D-AEC5-94955D3944FF} = {DE3EB906-96F0-4754-862C-90E534A19E7B}
		{5FE3CB08-FC5D-4543-A8BA-480B66075BC9} = {EA129159-7F83-487D-AEC5-94955D3944FF}
		{31ADDAD7-3719-4F9C-99AD-9110DFD1D87E} = {5FE3CB08-FC5D-4543-A8BA-480B66075BC9}
		{ECD469FF-E3C0-4A21-BA3E-CA77DFAE848F} = {DE3EB906-96F0-4754-862C-90E534A19E7B}
		{D0544EFD-8995-4A78-B788-1EA4841DDA80} = {ECD469FF-E3C0-4A21-BA3E-CA77DFAE848F}
		{C9B82484-5F12-46F5-BE54-A9093508A0ED} = {D0544EFD-8995-4A78-B788-1EA4841DDA80}
		{F8E2F085-07E2-4DAA-BC9C-220BB386C556} = {DE3EB906-96F0-4754-862C-90E534A19E7B}
		{6418DFC7-86E9-4019-A026-E683A561C9B5} = {F8E2F085-07E2-4DAA-BC9C-220BB386C556}
		{AFCDA7BB-5933-4C46-B16A-F44857B924DE} = {6418DFC7-86E9-4019-A026-E683A561C9B5}
		{95850F97-92A8-4BE4-858D-295037FDA007} = {DE3EB906-96F0-4754-862C-90E534A19E7B}
		{9B0E7729-0802-4D3B-B381-29D842EEF167} = {95850F97-92A8-4BE4-858D-295037FDA007}
		{183BEBE4-3E87-4FE8-8FCB-07A1FABEEA57} = {9B0E7729-0802-4D3B-B381-29D842EEF167}
		{DEAA2A6C-7151-42B8-82ED-E4E86123C820} = {DE3EB906-96F0-4754-862C-90E534A19E7B}
		{C29E5E97-5645-4476-A1A4-FB5C9A0F3045} = {DEAA2A6C-7151-42B8-82ED-E4E86123C820}
		{38D73352-B562-48C7-9BD9-F15CF247A902} = {C29E5E97-5645-4476-A1A4-FB5C9A0F3045}
	EndGlobalSection
EndGlobal
